
Microsoft Visual Studio Solution File, Format Version 12.00
# Visual Studio Version 17
VisualStudioVersion = 17.11.35222.181
MinimumVisualStudioVersion = 10.0.40219.1
Project("{FAE04EC0-301F-11D3-BF4B-00C04F79EFBC}") = "WindowsFormsApp1", "WindowsFormsApp1.csproj", "{AA95DCF5-7EB6-4296-A86F-CC219CDA1B25}"
EndProject
Global
	GlobalSection(SolutionConfigurationPlatforms) = preSolution
		Debug|Any CPU = Debug|Any CPU
		Release|Any CPU = Release|Any CPU
	EndGlobalSection
	GlobalSection(ProjectConfigurationPlatforms) = postSolution
		{AA95DCF5-7EB6-4296-A86F-CC219CDA1B25}.Debug|Any CPU.ActiveCfg = Debug|Any CPU
		{AA95DCF5-7EB6-4296-A86F-CC219CDA1B25}.Debug|Any CPU.Build.0 = Debug|Any CPU
		{AA95DCF5-7EB6-4296-A86F-CC219CDA1B25}.Release|Any CPU.ActiveCfg = Release|Any CPU
		{AA95DCF5-7EB6-4296-A86F-CC219CDA1B25}.Release|Any CPU.Build.0 = Release|Any CPU
	EndGlobalSection
	GlobalSection(SolutionProperties) = preSolution
		HideSolutionNode = FALSE
	EndGlobalSection
	GlobalSection(ExtensibilityGlobals) = postSolution
		SolutionGuid = {FA785736-51C8-4696-B7DE-D92E8FF2327F}
	EndGlobalSection
EndGlobal
